
Microsoft Visual Studio Solution File, Format Version 12.00
# Visual Studio Version 17
VisualStudioVersion = 17.11.35312.102
MinimumVisualStudioVersion = 10.0.40219.1
Project("{FAE04EC0-301F-11D3-BF4B-00C04F79EFBC}") = "CS-xUnit-FluentAssertion", "CS-xUnit-FluentAssertion\CS-xUnit-FluentAssertion.csproj", "{2779B89B-D22B-406F-94AB-1E28370E55A5}"
EndProject
Project("{FAE04EC0-301F-11D3-BF4B-00C04F79EFBC}") = "CS-xUnit-FluentAssertion.Tests", "CS-xUnit-FluentAssertion.Tests\CS-xUnit-FluentAssertion.Tests.csproj", "{371C60A4-142A-4FB2-9105-CAC43CA0A0B9}"
EndProject
Global
	GlobalSection(SolutionConfigurationPlatforms) = preSolution
		Debug|Any CPU = Debug|Any CPU
		Release|Any CPU = Release|Any CPU
	EndGlobalSection
	GlobalSection(ProjectConfigurationPlatforms) = postSolution
		{2779B89B-D22B-406F-94AB-1E28370E55A5}.Debug|Any CPU.ActiveCfg = Debug|Any CPU
		{2779B89B-D22B-406F-94AB-1E28370E55A5}.Debug|Any CPU.Build.0 = Debug|Any CPU
		{2779B89B-D22B-406F-94AB-1E28370E55A5}.Release|Any CPU.ActiveCfg = Release|Any CPU
		{2779B89B-D22B-406F-94AB-1E28370E55A5}.Release|Any CPU.Build.0 = Release|Any CPU
		{371C60A4-142A-4FB2-9105-CAC43CA0A0B9}.Debug|Any CPU.ActiveCfg = Debug|Any CPU
		{371C60A4-142A-4FB2-9105-CAC43CA0A0B9}.Debug|Any CPU.Build.0 = Debug|Any CPU
		{371C60A4-142A-4FB2-9105-CAC43CA0A0B9}.Release|Any CPU.ActiveCfg = Release|Any CPU
		{371C60A4-142A-4FB2-9105-CAC43CA0A0B9}.Release|Any CPU.Build.0 = Release|Any CPU
	EndGlobalSection
	GlobalSection(SolutionProperties) = preSolution
		HideSolutionNode = FALSE
	EndGlobalSection
	GlobalSection(ExtensibilityGlobals) = postSolution
		SolutionGuid = {9DB9AB1F-997F-495A-A472-EFF760C24892}
	EndGlobalSection
EndGlobal
